
Microsoft Visual Studio Solution File, Format Version 12.00
# Visual Studio 15
VisualStudioVersion = 15.0.26730.12
MinimumVisualStudioVersion = 10.0.40219.1
Project("{FAE04EC0-301F-11D3-BF4B-00C04F79EFBC}") = "IpChanger", "IpChanger\IpChanger.csproj", "{DA18D031-2629-4957-A5F6-4D39567023E9}"
EndProject
Global
	GlobalSection(SolutionConfigurationPlatforms) = preSolution
		Debug|Any CPU = Debug|Any CPU
		Release|Any CPU = Release|Any CPU
	EndGlobalSection
	GlobalSection(ProjectConfigurationPlatforms) = postSolution
		{DA18D031-2629-4957-A5F6-4D39567023E9}.Debug|Any CPU.ActiveCfg = Debug|Any CPU
		{DA18D031-2629-4957-A5F6-4D39567023E9}.Debug|Any CPU.Build.0 = Debug|Any CPU
		{DA18D031-2629-4957-A5F6-4D39567023E9}.Release|Any CPU.ActiveCfg = Release|Any CPU
		{DA18D031-2629-4957-A5F6-4D39567023E9}.Release|Any CPU.Build.0 = Release|Any CPU
	EndGlobalSection
	GlobalSection(SolutionProperties) = preSolution
		HideSolutionNode = FALSE
	EndGlobalSection
	GlobalSection(ExtensibilityGlobals) = postSolution
		SolutionGuid = {9E78ABDF-F763-4EA5-B520-7BDA3C4B7EF7}
	EndGlobalSection
EndGlobal
